
Microsoft Visual Studio Solution File, Format Version 12.00
# Visual Studio Version 17
VisualStudioVersion = 17.0.31903.59
MinimumVisualStudioVersion = 10.0.40219.1
Project("{2150E333-8FDC-42A3-9474-1A3956D46DE8}") = "src", "src", "{827E0CD3-B72D-47B6-A68D-7590B98EB39B}"
EndProject
Project("{FAE04EC0-301F-11D3-BF4B-00C04F79EFBC}") = "AIMonitor.Domain", "src\AIMonitor.Domain\AIMonitor.Domain.csproj", "{A75FE89A-4ADA-4A96-B758-0C9008C51FAD}"
EndProject
Project("{FAE04EC0-301F-11D3-BF4B-00C04F79EFBC}") = "AIMonitor.Application", "src\AIMonitor.Application\AIMonitor.Application.csproj", "{5B6C906A-8439-448A-9B18-183DA826847E}"
EndProject
Project("{FAE04EC0-301F-11D3-BF4B-00C04F79EFBC}") = "AIMonitor.Infrastructure", "src\AIMonitor.Infrastructure\AIMonitor.Infrastructure.csproj", "{82444531-8B2F-475C-95AE-7E8A8A504795}"
EndProject
Project("{FAE04EC0-301F-11D3-BF4B-00C04F79EFBC}") = "AIMonitor.Presentation.Wpf", "src\AIMonitor.Presentation.Wpf\AIMonitor.Presentation.Wpf.csproj", "{48D63192-DD8E-427D-90D0-5E8C0F99B4AF}"
EndProject
Project("{2150E333-8FDC-42A3-9474-1A3956D46DE8}") = "tests", "tests", "{0AB3BF05-4346-4AA6-1389-037BE0695223}"
EndProject
Project("{FAE04EC0-301F-11D3-BF4B-00C04F79EFBC}") = "AIMonitor.TestSupport", "tests\AIMonitor.TestSupport\AIMonitor.TestSupport.csproj", "{F3D96E62-709B-4479-9A36-2AD3BC800376}"
EndProject
Project("{FAE04EC0-301F-11D3-BF4B-00C04F79EFBC}") = "AIMonitor.Domain.Tests", "tests\AIMonitor.Domain.Tests\AIMonitor.Domain.Tests.csproj", "{6A1B7374-0B68-407E-9FE9-4C1CE88B41F3}"
EndProject
Project("{FAE04EC0-301F-11D3-BF4B-00C04F79EFBC}") = "AIMonitor.Application.Tests", "tests\AIMonitor.Application.Tests\AIMonitor.Application.Tests.csproj", "{DA00FB1B-4EA4-42E4-88DD-8E5951A0C9BE}"
EndProject
Project("{FAE04EC0-301F-11D3-BF4B-00C04F79EFBC}") = "AIMonitor.Infrastructure.Tests", "tests\AIMonitor.Infrastructure.Tests\AIMonitor.Infrastructure.Tests.csproj", "{E08C2D2E-C072-49D9-B5FA-C33538C0519D}"
EndProject
Project("{FAE04EC0-301F-11D3-BF4B-00C04F79EFBC}") = "AIMonitor.Presentation.Wpf.Tests", "tests\AIMonitor.Presentation.Wpf.Tests\AIMonitor.Presentation.Wpf.Tests.csproj", "{7245FA5F-619B-4AE5-BC0F-BF38CEA6D72B}"
EndProject
Global
	GlobalSection(SolutionConfigurationPlatforms) = preSolution
		Debug|Any CPU = Debug|Any CPU
		Debug|x64 = Debug|x64
		Debug|x86 = Debug|x86
		Release|Any CPU = Release|Any CPU
		Release|x64 = Release|x64
		Release|x86 = Release|x86
	EndGlobalSection
	GlobalSection(ProjectConfigurationPlatforms) = postSolution
		{A75FE89A-4ADA-4A96-B758-0C9008C51FAD}.Debug|Any CPU.ActiveCfg = Debug|Any CPU
		{A75FE89A-4ADA-4A96-B758-0C9008C51FAD}.Debug|Any CPU.Build.0 = Debug|Any CPU
		{A75FE89A-4ADA-4A96-B758-0C9008C51FAD}.Debug|x64.ActiveCfg = Debug|Any CPU
		{A75FE89A-4ADA-4A96-B758-0C9008C51FAD}.Debug|x64.Build.0 = Debug|Any CPU
		{A75FE89A-4ADA-4A96-B758-0C9008C51FAD}.Debug|x86.ActiveCfg = Debug|Any CPU
		{A75FE89A-4ADA-4A96-B758-0C9008C51FAD}.Debug|x86.Build.0 = Debug|Any CPU
		{A75FE89A-4ADA-4A96-B758-0C9008C51FAD}.Release|Any CPU.ActiveCfg = Release|Any CPU
		{A75FE89A-4ADA-4A96-B758-0C9008C51FAD}.Release|Any CPU.Build.0 = Release|Any CPU
		{A75FE89A-4ADA-4A96-B758-0C9008C51FAD}.Release|x64.ActiveCfg = Release|Any CPU
		{A75FE89A-4ADA-4A96-B758-0C9008C51FAD}.Release|x64.Build.0 = Release|Any CPU
		{A75FE89A-4ADA-4A96-B758-0C9008C51FAD}.Release|x86.ActiveCfg = Release|Any CPU
		{A75FE89A-4ADA-4A96-B758-0C9008C51FAD}.Release|x86.Build.0 = Release|Any CPU
		{5B6C906A-8439-448A-9B18-183DA826847E}.Debug|Any CPU.ActiveCfg = Debug|Any CPU
		{5B6C906A-8439-448A-9B18-183DA826847E}.Debug|Any CPU.Build.0 = Debug|Any CPU
		{5B6C906A-8439-448A-9B18-183DA826847E}.Debug|x64.ActiveCfg = Debug|Any CPU
		{5B6C906A-8439-448A-9B18-183DA826847E}.Debug|x64.Build.0 = Debug|Any CPU
		{5B6C906A-8439-448A-9B18-183DA826847E}.Debug|x86.ActiveCfg = Debug|Any CPU
		{5B6C906A-8439-448A-9B18-183DA826847E}.Debug|x86.Build.0 = Debug|Any CPU
		{5B6C906A-8439-448A-9B18-183DA826847E}.Release|Any CPU.ActiveCfg = Release|Any CPU
		{5B6C906A-8439-448A-9B18-183DA826847E}.Release|Any CPU.Build.0 = Release|Any CPU
		{5B6C906A-8439-448A-9B18-183DA826847E}.Release|x64.ActiveCfg = Release|Any CPU
		{5B6C906A-8439-448A-9B18-183DA826847E}.Release|x64.Build.0 = Release|Any CPU
		{5B6C906A-8439-448A-9B18-183DA826847E}.Release|x86.ActiveCfg = Release|Any CPU
		{5B6C906A-8439-448A-9B18-183DA826847E}.Release|x86.Build.0 = Release|Any CPU
		{82444531-8B2F-475C-95AE-7E8A8A504795}.Debug|Any CPU.ActiveCfg = Debug|Any CPU
		{82444531-8B2F-475C-95AE-7E8A8A504795}.Debug|Any CPU.Build.0 = Debug|Any CPU
		{82444531-8B2F-475C-95AE-7E8A8A504795}.Debug|x64.ActiveCfg = Debug|Any CPU
		{82444531-8B2F-475C-95AE-7E8A8A504795}.Debug|x64.Build.0 = Debug|Any CPU
		{82444531-8B2F-475C-95AE-7E8A8A504795}.Debug|x86.ActiveCfg = Debug|Any CPU
		{82444531-8B2F-475C-95AE-7E8A8A504795}.Debug|x86.Build.0 = Debug|Any CPU
		{82444531-8B2F-475C-95AE-7E8A8A504795}.Release|Any CPU.ActiveCfg = Release|Any CPU
		{82444531-8B2F-475C-95AE-7E8A8A504795}.Release|Any CPU.Build.0 = Release|Any CPU
		{82444531-8B2F-475C-95AE-7E8A8A504795}.Release|x64.ActiveCfg = Release|Any CPU
		{82444531-8B2F-475C-95AE-7E8A8A504795}.Release|x64.Build.0 = Release|Any CPU
		{82444531-8B2F-475C-95AE-7E8A8A504795}.Release|x86.ActiveCfg = Release|Any CPU
		{82444531-8B2F-475C-95AE-7E8A8A504795}.Release|x86.Build.0 = Release|Any CPU
		{48D63192-DD8E-427D-90D0-5E8C0F99B4AF}.Debug|Any CPU.ActiveCfg = Debug|Any CPU
		{48D63192-DD8E-427D-90D0-5E8C0F99B4AF}.Debug|Any CPU.Build.0 = Debug|Any CPU
		{48D63192-DD8E-427D-90D0-5E8C0F99B4AF}.Debug|x64.ActiveCfg = Debug|Any CPU
		{48D63192-DD8E-427D-90D0-5E8C0F99B4AF}.Debug|x64.Build.0 = Debug|Any CPU
		{48D63192-DD8E-427D-90D0-5E8C0F99B4AF}.Debug|x86.ActiveCfg = Debug|Any CPU
		{48D63192-DD8E-427D-90D0-5E8C0F99B4AF}.Debug|x86.Build.0 = Debug|Any CPU
		{48D63192-DD8E-427D-90D0-5E8C0F99B4AF}.Release|Any CPU.ActiveCfg = Release|Any CPU
		{48D63192-DD8E-427D-90D0-5E8C0F99B4AF}.Release|Any CPU.Build.0 = Release|Any CPU
		{48D63192-DD8E-427D-90D0-5E8C0F99B4AF}.Release|x64.ActiveCfg = Release|Any CPU
		{48D63192-DD8E-427D-90D0-5E8C0F99B4AF}.Release|x64.Build.0 = Release|Any CPU
		{48D63192-DD8E-427D-90D0-5E8C0F99B4AF}.Release|x86.ActiveCfg = Release|Any CPU
		{48D63192-DD8E-427D-90D0-5E8C0F99B4AF}.Release|x86.Build.0 = Release|Any CPU
		{F3D96E62-709B-4479-9A36-2AD3BC800376}.Debug|Any CPU.ActiveCfg = Debug|Any CPU
		{F3D96E62-709B-4479-9A36-2AD3BC800376}.Debug|Any CPU.Build.0 = Debug|Any CPU
		{F3D96E62-709B-4479-9A36-2AD3BC800376}.Debug|x64.ActiveCfg = Debug|Any CPU
		{F3D96E62-709B-4479-9A36-2AD3BC800376}.Debug|x64.Build.0 = Debug|Any CPU
		{F3D96E62-709B-4479-9A36-2AD3BC800376}.Debug|x86.ActiveCfg = Debug|Any CPU
		{F3D96E62-709B-4479-9A36-2AD3BC800376}.Debug|x86.Build.0 = Debug|Any CPU
		{F3D96E62-709B-4479-9A36-2AD3BC800376}.Release|Any CPU.ActiveCfg = Release|Any CPU
		{F3D96E62-709B-4479-9A36-2AD3BC800376}.Release|Any CPU.Build.0 = Release|Any CPU
		{F3D96E62-709B-4479-9A36-2AD3BC800376}.Release|x64.ActiveCfg = Release|Any CPU
		{F3D96E62-709B-4479-9A36-2AD3BC800376}.Release|x64.Build.0 = Release|Any CPU
		{F3D96E62-709B-4479-9A36-2AD3BC800376}.Release|x86.ActiveCfg = Release|Any CPU
		{F3D96E62-709B-4479-9A36-2AD3BC800376}.Release|x86.Build.0 = Release|Any CPU
		{6A1B7374-0B68-407E-9FE9-4C1CE88B41F3}.Debug|Any CPU.ActiveCfg = Debug|Any CPU
		{6A1B7374-0B68-407E-9FE9-4C1CE88B41F3}.Debug|Any CPU.Build.0 = Debug|Any CPU
		{6A1B7374-0B68-407E-9FE9-4C1CE88B41F3}.Debug|x64.ActiveCfg = Debug|Any CPU
		{6A1B7374-0B68-407E-9FE9-4C1CE88B41F3}.Debug|x64.Build.0 = Debug|Any CPU
		{6A1B7374-0B68-407E-9FE9-4C1CE88B41F3}.Debug|x86.ActiveCfg = Debug|Any CPU
		{6A1B7374-0B68-407E-9FE9-4C1CE88B41F3}.Debug|x86.Build.0 = Debug|Any CPU
		{6A1B7374-0B68-407E-9FE9-4C1CE88B41F3}.Release|Any CPU.ActiveCfg = Release|Any CPU
		{6A1B7374-0B68-407E-9FE9-4C1CE88B41F3}.Release|Any CPU.Build.0 = Release|Any CPU
		{6A1B7374-0B68-407E-9FE9-4C1CE88B41F3}.Release|x64.ActiveCfg = Release|Any CPU
		{6A1B7374-0B68-407E-9FE9-4C1CE88B41F3}.Release|x64.Build.0 = Release|Any CPU
		{6A1B7374-0B68-407E-9FE9-4C1CE88B41F3}.Release|x86.ActiveCfg = Release|Any CPU
		{6A1B7374-0B68-407E-9FE9-4C1CE88B41F3}.Release|x86.Build.0 = Release|Any CPU
		{DA00FB1B-4EA4-42E4-88DD-8E5951A0C9BE}.Debug|Any CPU.ActiveCfg = Debug|Any CPU
		{DA00FB1B-4EA4-42E4-88DD-8E5951A0C9BE}.Debug|Any CPU.Build.0 = Debug|Any CPU
		{DA00FB1B-4EA4-42E4-88DD-8E5951A0C9BE}.Debug|x64.ActiveCfg = Debug|Any CPU
		{DA00FB1B-4EA4-42E4-88DD-8E5951A0C9BE}.Debug|x64.Build.0 = Debug|Any CPU
		{DA00FB1B-4EA4-42E4-88DD-8E5951A0C9BE}.Debug|x86.ActiveCfg = Debug|Any CPU
		{DA00FB1B-4EA4-42E4-88DD-8E5951A0C9BE}.Debug|x86.Build.0 = Debug|Any CPU
		{DA00FB1B-4EA4-42E4-88DD-8E5951A0C9BE}.Release|Any CPU.ActiveCfg = Release|Any CPU
		{DA00FB1B-4EA4-42E4-88DD-8E5951A0C9BE}.Release|Any CPU.Build.0 = Release|Any CPU
		{DA00FB1B-4EA4-42E4-88DD-8E5951A0C9BE}.Release|x64.ActiveCfg = Release|Any CPU
		{DA00FB1B-4EA4-42E4-88DD-8E5951A0C9BE}.Release|x64.Build.0 = Release|Any CPU
		{DA00FB1B-4EA4-42E4-88DD-8E5951A0C9BE}.Release|x86.ActiveCfg = Release|Any CPU
		{DA00FB1B-4EA4-42E4-88DD-8E5951A0C9BE}.Release|x86.Build.0 = Release|Any CPU
		{E08C2D2E-C072-49D9-B5FA-C33538C0519D}.Debug|Any CPU.ActiveCfg = Debug|Any CPU
		{E08C2D2E-C072-49D9-B5FA-C33538C0519D}.Debug|Any CPU.Build.0 = Debug|Any CPU
		{E08C2D2E-C072-49D9-B5FA-C33538C0519D}.Debug|x64.ActiveCfg = Debug|Any CPU
		{E08C2D2E-C072-49D9-B5FA-C33538C0519D}.Debug|x64.Build.0 = Debug|Any CPU
		{E08C2D2E-C072-49D9-B5FA-C33538C0519D}.Debug|x86.ActiveCfg = Debug|Any CPU
		{E08C2D2E-C072-49D9-B5FA-C33538C0519D}.Debug|x86.Build.0 = Debug|Any CPU
		{E08C2D2E-C072-49D9-B5FA-C33538C0519D}.Release|Any CPU.ActiveCfg = Release|Any CPU
		{E08C2D2E-C072-49D9-B5FA-C33538C0519D}.Release|Any CPU.Build.0 = Release|Any CPU
		{E08C2D2E-C072-49D9-B5FA-C33538C0519D}.Release|x64.ActiveCfg = Release|Any CPU
		{E08C2D2E-C072-49D9-B5FA-C33538C0519D}.Release|x64.Build.0 = Release|Any CPU
		{E08C2D2E-C072-49D9-B5FA-C33538C0519D}.Release|x86.ActiveCfg = Release|Any CPU
		{E08C2D2E-C072-49D9-B5FA-C33538C0519D}.Release|x86.Build.0 = Release|Any CPU
		{7245FA5F-619B-4AE5-BC0F-BF38CEA6D72B}.Debug|Any CPU.ActiveCfg = Debug|Any CPU
		{7245FA5F-619B-4AE5-BC0F-BF38CEA6D72B}.Debug|Any CPU.Build.0 = Debug|Any CPU
		{7245FA5F-619B-4AE5-BC0F-BF38CEA6D72B}.Debug|x64.ActiveCfg = Debug|Any CPU
		{7245FA5F-619B-4AE5-BC0F-BF38CEA6D72B}.Debug|x64.Build.0 = Debug|Any CPU
		{7245FA5F-619B-4AE5-BC0F-BF38CEA6D72B}.Debug|x86.ActiveCfg = Debug|Any CPU
		{7245FA5F-619B-4AE5-BC0F-BF38CEA6D72B}.Debug|x86.Build.0 = Debug|Any CPU
		{7245FA5F-619B-4AE5-BC0F-BF38CEA6D72B}.Release|Any CPU.ActiveCfg = Release|Any CPU
		{7245FA5F-619B-4AE5-BC0F-BF38CEA6D72B}.Release|Any CPU.Build.0 = Release|Any CPU
		{7245FA5F-619B-4AE5-BC0F-BF38CEA6D72B}.Release|x64.ActiveCfg = Release|Any CPU
		{7245FA5F-619B-4AE5-BC0F-BF38CEA6D72B}.Release|x64.Build.0 = Release|Any CPU
		{7245FA5F-619B-4AE5-BC0F-BF38CEA6D72B}.Release|x86.ActiveCfg = Release|Any CPU
		{7245FA5F-619B-4AE5-BC0F-BF38CEA6D72B}.Release|x86.Build.0 = Release|Any CPU
	EndGlobalSection
	GlobalSection(SolutionProperties) = preSolution
		HideSolutionNode = FALSE
	EndGlobalSection
	GlobalSection(NestedProjects) = preSolution
		{A75FE89A-4ADA-4A96-B758-0C9008C51FAD} = {827E0CD3-B72D-47B6-A68D-7590B98EB39B}
		{5B6C906A-8439-448A-9B18-183DA826847E} = {827E0CD3-B72D-47B6-A68D-7590B98EB39B}
		{82444531-8B2F-475C-95AE-7E8A8A504795} = {827E0CD3-B72D-47B6-A68D-7590B98EB39B}
		{48D63192-DD8E-427D-90D0-5E8C0F99B4AF} = {827E0CD3-B72D-47B6-A68D-7590B98EB39B}
		{F3D96E62-709B-4479-9A36-2AD3BC800376} = {0AB3BF05-4346-4AA6-1389-037BE0695223}
		{6A1B7374-0B68-407E-9FE9-4C1CE88B41F3} = {0AB3BF05-4346-4AA6-1389-037BE0695223}
		{DA00FB1B-4EA4-42E4-88DD-8E5951A0C9BE} = {0AB3BF05-4346-4AA6-1389-037BE0695223}
		{E08C2D2E-C072-49D9-B5FA-C33538C0519D} = {0AB3BF05-4346-4AA6-1389-037BE0695223}
		{7245FA5F-619B-4AE5-BC0F-BF38CEA6D72B} = {0AB3BF05-4346-4AA6-1389-037BE0695223}
	EndGlobalSection
EndGlobal
